
Microsoft Visual Studio Solution File, Format Version 12.00
# Visual Studio Version 16
VisualStudioVersion = 16.0.30523.141
MinimumVisualStudioVersion = 10.0.40219.1
Project("{FAE04EC0-301F-11D3-BF4B-00C04F79EFBC}") = "Tema 1", "Tema 1\Tema 1.csproj", "{777AE2A2-0C53-4B9A-8917-4E8F33AF6AB4}"
EndProject
Global
	GlobalSection(SolutionConfigurationPlatforms) = preSolution
		Debug|Any CPU = Debug|Any CPU
		Release|Any CPU = Release|Any CPU
	EndGlobalSection
	GlobalSection(ProjectConfigurationPlatforms) = postSolution
		{777AE2A2-0C53-4B9A-8917-4E8F33AF6AB4}.Debug|Any CPU.ActiveCfg = Debug|Any CPU
		{777AE2A2-0C53-4B9A-8917-4E8F33AF6AB4}.Debug|Any CPU.Build.0 = Debug|Any CPU
		{777AE2A2-0C53-4B9A-8917-4E8F33AF6AB4}.Release|Any CPU.ActiveCfg = Release|Any CPU
		{777AE2A2-0C53-4B9A-8917-4E8F33AF6AB4}.Release|Any CPU.Build.0 = Release|Any CPU
	EndGlobalSection
	GlobalSection(SolutionProperties) = preSolution
		HideSolutionNode = FALSE
	EndGlobalSection
	GlobalSection(ExtensibilityGlobals) = postSolution
		SolutionGuid = {A02DB68A-1919-4108-AF37-D9E5E74DBF59}
	EndGlobalSection
EndGlobal
